{
  "requires": true,
  "lockfileVersion": 1,
  "dependencies": {
    "react-id-generator": {
      "version": "3.0.2",
      "resolved": "https://registry.npmjs.org/react-id-generator/-/react-id-generator-3.0.2.tgz",
      "integrity": "sha512-d0rqWzZ6g0P9agHtA7wX/ErQ4iV/657/0Oz+SX3kid7nR4d0YwaWjjOTIrgYHv2lICZKrxIH4BaKppKrM8fRfw=="
    }
  }
}
